// !$*UTF8*$!
{
	archiveVersion = 1;
	classes = {
	};
	objectVersion = 50;
	objects = {

/* Begin PBXBuildFile section */
		73F8162B2211ACEB00C0C22A /* AppDelegate.swift in Sources */ = {isa = PBXBuildFile; fileRef = 73F8162A2211ACEB00C0C22A /* AppDelegate.swift */; };
		73F8162E2211ACEC00C0C22A /* AR_Master_Detail.xcdatamodeld in Sources */ = {isa = PBXBuildFile; fileRef = 73F8162C2211ACEB00C0C22A /* AR_Master_Detail.xcdatamodeld */; };
		73F816302211ACEC00C0C22A /* MasterViewController.swift in Sources */ = {isa = PBXBuildFile; fileRef = 73F8162F2211ACEC00C0C22A /* MasterViewController.swift */; };
		73F816322211ACEC00C0C22A /* DetailViewController.swift in Sources */ = {isa = PBXBuildFile; fileRef = 73F816312211ACEC00C0C22A /* DetailViewController.swift */; };
		73F816352211ACEC00C0C22A /* Main.storyboard in Resources */ = {isa = PBXBuildFile; fileRef = 73F816332211ACEC00C0C22A /* Main.storyboard */; };
		73F816372211ACEE00C0C22A /* Assets.xcassets in Resources */ = {isa = PBXBuildFile; fileRef = 73F816362211ACEE00C0C22A /* Assets.xcassets */; };
		73F8163A2211ACEE00C0C22A /* LaunchScreen.storyboard in Resources */ = {isa = PBXBuildFile; fileRef = 73F816382211ACEE00C0C22A /* LaunchScreen.storyboard */; };
		73F816452211ACEE00C0C22A /* AR_Master_DetailTests.swift in Sources */ = {isa = PBXBuildFile; fileRef = 73F816442211ACEE00C0C22A /* AR_Master_DetailTests.swift */; };
		73F816502211ACEE00C0C22A /* AR_Master_DetailUITests.swift in Sources */ = {isa = PBXBuildFile; fileRef = 73F8164F2211ACEE00C0C22A /* AR_Master_DetailUITests.swift */; };
/* End PBXBuildFile section */

/* Begin PBXContainerItemProxy section */
		73F816412211ACEE00C0C22A /* PBXContainerItemProxy */ = {
			isa = PBXContainerItemProxy;
			containerPortal = 73F8161F2211ACEB00C0C22A /* Project object */;
			proxyType = 1;
			remoteGlobalIDString = 73F816262211ACEB00C0C22A;
			remoteInfo = "AR Master Detail";
		};
		73F8164C2211ACEE00C0C22A /* PBXContainerItemProxy */ = {
			isa = PBXContainerItemProxy;
			containerPortal = 73F8161F2211ACEB00C0C22A /* Project object */;
			proxyType = 1;
			remoteGlobalIDString = 73F816262211ACEB00C0C22A;
			remoteInfo = "AR Master Detail";
		};
/* End PBXContainerItemProxy section */

/* Begin PBXFileReference section */
		73F816272211ACEB00C0C22A /* AR Master Detail.app */ = {isa = PBXFileReference; explicitFileType = wrapper.application; includeInIndex = 0; path = "AR Master Detail.app"; sourceTree = BUILT_PRODUCTS_DIR; };
		73F8162A2211ACEB00C0C22A /* AppDelegate.swift */ = {isa = PBXFileReference; lastKnownFileType = sourcecode.swift; path = AppDelegate.swift; sourceTree = "<group>"; };
		73F8162D2211ACEB00C0C22A /* AR_Master_Detail.xcdatamodel */ = {isa = PBXFileReference; lastKnownFileType = wrapper.xcdatamodel; path = AR_Master_Detail.xcdatamodel; sourceTree = "<group>"; };
		73F8162F2211ACEC00C0C22A /* MasterViewController.swift */ = {isa = PBXFileReference; lastKnownFileType = sourcecode.swift; path = MasterViewController.swift; sourceTree = "<group>"; };
		73F816312211ACEC00C0C22A /* DetailViewController.swift */ = {isa = PBXFileReference; lastKnownFileType = sourcecode.swift; path = DetailViewController.swift; sourceTree = "<group>"; };
		73F816342211ACEC00C0C22A /* Base */ = {isa = PBXFileReference; lastKnownFileType = file.storyboard; name = Base; path = Base.lproj/Main.storyboard; sourceTree = "<group>"; };
		73F816362211ACEE00C0C22A /* Assets.xcassets */ = {isa = PBXFileReference; lastKnownFileType = folder.assetcatalog; path = Assets.xcassets; sourceTree = "<group>"; };
		73F816392211ACEE00C0C22A /* Base */ = {isa = PBXFileReference; lastKnownFileType = file.storyboard; name = Base; path = Base.lproj/LaunchScreen.storyboard; sourceTree = "<group>"; };
		73F8163B2211ACEE00C0C22A /* Info.plist */ = {isa = PBXFileReference; lastKnownFileType = text.plist.xml; path = Info.plist; sourceTree = "<group>"; };
		73F816402211ACEE00C0C22A /* AR Master DetailTests.xctest */ = {isa = PBXFileReference; explicitFileType = wrapper.cfbundle; includeInIndex = 0; path = "AR Master DetailTests.xctest"; sourceTree = BUILT_PRODUCTS_DIR; };
		73F816442211ACEE00C0C22A /* AR_Master_DetailTests.swift */ = {isa = PBXFileReference; lastKnownFileType = sourcecode.swift; path = AR_Master_DetailTests.swift; sourceTree = "<group>"; };
		73F816462211ACEE00C0C22A /* Info.plist */ = {isa = PBXFileReference; lastKnownFileType = text.plist.xml; path = Info.plist; sourceTree = "<group>"; };
		73F8164B2211ACEE00C0C22A /* AR Master DetailUITests.xctest */ = {isa = PBXFileReference; explicitFileType = wrapper.cfbundle; includeInIndex = 0; path = "AR Master DetailUITests.xctest"; sourceTree = BUILT_PRODUCTS_DIR; };
		73F8164F2211ACEE00C0C22A /* AR_Master_DetailUITests.swift */ = {isa = PBXFileReference; lastKnownFileType = sourcecode.swift; path = AR_Master_DetailUITests.swift; sourceTree = "<group>"; };
		73F816512211ACEE00C0C22A /* Info.plist */ = {isa = PBXFileReference; lastKnownFileType = text.plist.xml; path = Info.plist; sourceTree = "<group>"; };
/* End PBXFileReference section */

/* Begin PBXFrameworksBuildPhase section */
		73F816242211ACEB00C0C22A /* Frameworks */ = {
			isa = PBXFrameworksBuildPhase;
			buildActionMask = 2147483647;
			files = (
			);
			runOnlyForDeploymentPostprocessing = 0;
		};
		73F8163D2211ACEE00C0C22A /* Frameworks */ = {
			isa = PBXFrameworksBuildPhase;
			buildActionMask = 2147483647;
			files = (
			);
			runOnlyForDeploymentPostprocessing = 0;
		};
		73F816482211ACEE00C0C22A /* Frameworks */ = {
			isa = PBXFrameworksBuildPhase;
			buildActionMask = 2147483647;
			files = (
			);
			runOnlyForDeploymentPostprocessing = 0;
		};
/* End PBXFrameworksBuildPhase section */

/* Begin PBXGroup section */
		73F8161E2211ACEB00C0C22A = {
			isa = PBXGroup;
			children = (
				73F816292211ACEB00C0C22A /* AR Master Detail */,
				73F816432211ACEE00C0C22A /* AR Master DetailTests */,
				73F8164E2211ACEE00C0C22A /* AR Master DetailUITests */,
				73F816282211ACEB00C0C22A /* Products */,
			);
			sourceTree = "<group>";
		};
		73F816282211ACEB00C0C22A /* Products */ = {
			isa = PBXGroup;
			children = (
				73F816272211ACEB00C0C22A /* AR Master Detail.app */,
				73F816402211ACEE00C0C22A /* AR Master DetailTests.xctest */,
				73F8164B2211ACEE00C0C22A /* AR Master DetailUITests.xctest */,
			);
			name = Products;
			sourceTree = "<group>";
		};
		73F816292211ACEB00C0C22A /* AR Master Detail */ = {
			isa = PBXGroup;
			children = (
				73F8162A2211ACEB00C0C22A /* AppDelegate.swift */,
				73F8162F2211ACEC00C0C22A /* MasterViewController.swift */,
				73F816312211ACEC00C0C22A /* DetailViewController.swift */,
				73F816332211ACEC00C0C22A /* Main.storyboard */,
				73F816362211ACEE00C0C22A /* Assets.xcassets */,
				73F816382211ACEE00C0C22A /* LaunchScreen.storyboard */,
				73F8163B2211ACEE00C0C22A /* Info.plist */,
				73F8162C2211ACEB00C0C22A /* AR_Master_Detail.xcdatamodeld */,
			);
			path = "AR Master Detail";
			sourceTree = "<group>";
		};
		73F816432211ACEE00C0C22A /* AR Master DetailTests */ = {
			isa = PBXGroup;
			children = (
				73F816442211ACEE00C0C22A /* AR_Master_DetailTests.swift */,
				73F816462211ACEE00C0C22A /* Info.plist */,
			);
			path = "AR Master DetailTests";
			sourceTree = "<group>";
		};
		73F8164E2211ACEE00C0C22A /* AR Master DetailUITests */ = {
			isa = PBXGroup;
			children = (
				73F8164F2211ACEE00C0C22A /* AR_Master_DetailUITests.swift */,
				73F816512211ACEE00C0C22A /* Info.plist */,
			);
			path = "AR Master DetailUITests";
			sourceTree = "<group>";
		};
/* End PBXGroup section */

/* Begin PBXNativeTarget section */
		73F816262211ACEB00C0C22A /* AR Master Detail */ = {
			isa = PBXNativeTarget;
			buildConfigurationList = 73F816542211ACEE00C0C22A /* Build configuration list for PBXNativeTarget "AR Master Detail" */;
			buildPhases = (
				73F816232211ACEB00C0C22A /* Sources */,
				73F816242211ACEB00C0C22A /* Frameworks */,
				73F816252211ACEB00C0C22A /* Resources */,
			);
			buildRules = (
			);
			dependencies = (
			);
			name = "AR Master Detail";
			productName = "AR Master Detail";
			productReference = 73F816272211ACEB00C0C22A /* AR Master Detail.app */;
			productType = "com.apple.product-type.application";
		};
		73F8163F2211ACEE00C0C22A /* AR Master DetailTests */ = {
			isa = PBXNativeTarget;
			buildConfigurationList = 73F816572211ACEE00C0C22A /* Build configuration list for PBXNativeTarget "AR Master DetailTests" */;
			buildPhases = (
				73F8163C2211ACEE00C0C22A /* Sources */,
				73F8163D2211ACEE00C0C22A /* Frameworks */,
				73F8163E2211ACEE00C0C22A /* Resources */,
			);
			buildRules = (
			);
			dependencies = (
				73F816422211ACEE00C0C22A /* PBXTargetDependency */,
			);
			name = "AR Master DetailTests";
			productName = "AR Master DetailTests";
			productReference = 73F816402211ACEE00C0C22A /* AR Master DetailTests.xctest */;
			productType = "com.apple.product-type.bundle.unit-test";
		};
		73F8164A2211ACEE00C0C22A /* AR Master DetailUITests */ = {
			isa = PBXNativeTarget;
			buildConfigurationList = 73F8165A2211ACEE00C0C22A /* Build configuration list for PBXNativeTarget "AR Master DetailUITests" */;
			buildPhases = (
				73F816472211ACEE00C0C22A /* Sources */,
				73F816482211ACEE00C0C22A /* Frameworks */,
				73F816492211ACEE00C0C22A /* Resources */,
			);
			buildRules = (
			);
			dependencies = (
				73F8164D2211ACEE00C0C22A /* PBXTargetDependency */,
			);
			name = "AR Master DetailUITests";
			productName = "AR Master DetailUITests";
			productReference = 73F8164B2211ACEE00C0C22A /* AR Master DetailUITests.xctest */;
			productType = "com.apple.product-type.bundle.ui-testing";
		};
/* End PBXNativeTarget section */

/* Begin PBXProject section */
		73F8161F2211ACEB00C0C22A /* Project object */ = {
			isa = PBXProject;
			attributes = {
				LastSwiftUpdateCheck = 1010;
				LastUpgradeCheck = 1010;
				ORGANIZATIONNAME = "Lawrence Nickerson";
				TargetAttributes = {
					73F816262211ACEB00C0C22A = {
						CreatedOnToolsVersion = 10.1;
					};
					73F8163F2211ACEE00C0C22A = {
						CreatedOnToolsVersion = 10.1;
						TestTargetID = 73F816262211ACEB00C0C22A;
					};
					73F8164A2211ACEE00C0C22A = {
						CreatedOnToolsVersion = 10.1;
						TestTargetID = 73F816262211ACEB00C0C22A;
					};
				};
			};
			buildConfigurationList = 73F816222211ACEB00C0C22A /* Build configuration list for PBXProject "AR Master Detail" */;
			compatibilityVersion = "Xcode 9.3";
			developmentRegion = en;
			hasScannedForEncodings = 0;
			knownRegions = (
				en,
				Base,
			);
			mainGroup = 73F8161E2211ACEB00C0C22A;
			productRefGroup = 73F816282211ACEB00C0C22A /* Products */;
			projectDirPath = "";
			projectRoot = "";
			targets = (
				73F816262211ACEB00C0C22A /* AR Master Detail */,
				73F8163F2211ACEE00C0C22A /* AR Master DetailTests */,
				73F8164A2211ACEE00C0C22A /* AR Master DetailUITests */,
			);
		};
/* End PBXProject section */

/* Begin PBXResourcesBuildPhase section */
		73F816252211ACEB00C0C22A /* Resources */ = {
			isa = PBXResourcesBuildPhase;
			buildActionMask = 2147483647;
			files = (
				73F8163A2211ACEE00C0C22A /* LaunchScreen.storyboard in Resources */,
				73F816372211ACEE00C0C22A /* Assets.xcassets in Resources */,
				73F816352211ACEC00C0C22A /* Main.storyboard in Resources */,
			);
			runOnlyForDeploymentPostprocessing = 0;
		};
		73F8163E2211ACEE00C0C22A /* Resources */ = {
			isa = PBXResourcesBuildPhase;
			buildActionMask = 2147483647;
			files = (
			);
			runOnlyForDeploymentPostprocessing = 0;
		};
		73F816492211ACEE00C0C22A /* Resources */ = {
			isa = PBXResourcesBuildPhase;
			buildActionMask = 2147483647;
			files = (
			);
			runOnlyForDeploymentPostprocessing = 0;
		};
/* End PBXResourcesBuildPhase section */

/* Begin PBXSourcesBuildPhase section */
		73F816232211ACEB00C0C22A /* Sources */ = {
			isa = PBXSourcesBuildPhase;
			buildActionMask = 2147483647;
			files = (
				73F8162B2211ACEB00C0C22A /* AppDelegate.swift in Sources */,
				73F8162E2211ACEC00C0C22A /* AR_Master_Detail.xcdatamodeld in Sources */,
				73F816302211ACEC00C0C22A /* MasterViewController.swift in Sources */,
				73F816322211ACEC00C0C22A /* DetailViewController.swift in Sources */,
			);
			runOnlyForDeploymentPostprocessing = 0;
		};
		73F8163C2211ACEE00C0C22A /* Sources */ = {
			isa = PBXSourcesBuildPhase;
			buildActionMask = 2147483647;
			files = (
				73F816452211ACEE00C0C22A /* AR_Master_DetailTests.swift in Sources */,
			);
			runOnlyForDeploymentPostprocessing = 0;
		};
		73F816472211ACEE00C0C22A /* Sources */ = {
			isa = PBXSourcesBuildPhase;
			buildActionMask = 2147483647;
			files = (
				73F816502211ACEE00C0C22A /* AR_Master_DetailUITests.swift in Sources */,
			);
			runOnlyForDeploymentPostprocessing = 0;
		};
/* End PBXSourcesBuildPhase section */

/* Begin PBXTargetDependency section */
		73F816422211ACEE00C0C22A /* PBXTargetDependency */ = {
			isa = PBXTargetDependency;
			target = 73F816262211ACEB00C0C22A /* AR Master Detail */;
			targetProxy = 73F816412211ACEE00C0C22A /* PBXContainerItemProxy */;
		};
		73F8164D2211ACEE00C0C22A /* PBXTargetDependency */ = {
			isa = PBXTargetDependency;
			target = 73F816262211ACEB00C0C22A /* AR Master Detail */;
			targetProxy = 73F8164C2211ACEE00C0C22A /* PBXContainerItemProxy */;
		};
/* End PBXTargetDependency section */

/* Begin PBXVariantGroup section */
		73F816332211ACEC00C0C22A /* Main.storyboard */ = {
			isa = PBXVariantGroup;
			children = (
				73F816342211ACEC00C0C22A /* Base */,
			);
			name = Main.storyboard;
			sourceTree = "<group>";
		};
		73F816382211ACEE00C0C22A /* LaunchScreen.storyboard */ = {
			isa = PBXVariantGroup;
			children = (
				73F816392211ACEE00C0C22A /* Base */,
			);
			name = LaunchScreen.storyboard;
			sourceTree = "<group>";
		};
/* End PBXVariantGroup section */

/* Begin XCBuildConfiguration section */
		73F816522211ACEE00C0C22A /* Debug */ = {
			isa = XCBuildConfiguration;
			buildSettings = {
				ALWAYS_SEARCH_USER_PATHS = NO;
				CLANG_ANALYZER_NONNULL = YES;
				CLANG_ANALYZER_NUMBER_OBJECT_CONVERSION = YES_AGGRESSIVE;
				CLANG_CXX_LANGUAGE_STANDARD = "gnu++14";
				CLANG_CXX_LIBRARY = "libc++";
				CLANG_ENABLE_MODULES = YES;
				CLANG_ENABLE_OBJC_ARC = YES;
				CLANG_ENABLE_OBJC_WEAK = YES;
				CLANG_WARN_BLOCK_CAPTURE_AUTORELEASING = YES;
				CLANG_WARN_BOOL_CONVERSION = YES;
				CLANG_WARN_COMMA = YES;
				CLANG_WARN_CONSTANT_CONVERSION = YES;
				CLANG_WARN_DEPRECATED_OBJC_IMPLEMENTATIONS = YES;
				CLANG_WARN_DIRECT_OBJC_ISA_USAGE = YES_ERROR;
				CLANG_WARN_DOCUMENTATION_COMMENTS = YES;
				CLANG_WARN_EMPTY_BODY = YES;
				CLANG_WARN_ENUM_CONVERSION = YES;
				CLANG_WARN_INFINITE_RECURSION = YES;
				CLANG_WARN_INT_CONVERSION = YES;
				CLANG_WARN_NON_LITERAL_NULL_CONVERSION = YES;
				CLANG_WARN_OBJC_IMPLICIT_RETAIN_SELF = YES;
				CLANG_WARN_OBJC_LITERAL_CONVERSION = YES;
				CLANG_WARN_OBJC_ROOT_CLASS = YES_ERROR;
				CLANG_WARN_RANGE_LOOP_ANALYSIS = YES;
				CLANG_WARN_STRICT_PROTOTYPES = YES;
				CLANG_WARN_SUSPICIOUS_MOVE = YES;
				CLANG_WARN_UNGUARDED_AVAILABILITY = YES_AGGRESSIVE;
				CLANG_WARN_UNREACHABLE_CODE = YES;
				CLANG_WARN__DUPLICATE_METHOD_MATCH = YES;
				CODE_SIGN_IDENTITY = "iPhone Developer";
				COPY_PHASE_STRIP = NO;
				DEBUG_INFORMATION_FORMAT = dwarf;
				ENABLE_STRICT_OBJC_MSGSEND = YES;
				ENABLE_TESTABILITY = YES;
				GCC_C_LANGUAGE_STANDARD = gnu11;
				GCC_DYNAMIC_NO_PIC = NO;
				GCC_NO_COMMON_BLOCKS = YES;
				GCC_OPTIMIZATION_LEVEL = 0;
				GCC_PREPROCESSOR_DEFINITIONS = (
					"DEBUG=1",
					"$(inherited)",
				);
				GCC_WARN_64_TO_32_BIT_CONVERSION = YES;
				GCC_WARN_ABOUT_RETURN_TYPE = YES_ERROR;
				GCC_WARN_UNDECLARED_SELECTOR = YES;
				GCC_WARN_UNINITIALIZED_AUTOS = YES_AGGRESSIVE;
				GCC_WARN_UNUSED_FUNCTION = YES;
				GCC_WARN_UNUSED_VARIABLE = YES;
				IPHONEOS_DEPLOYMENT_TARGET = 12.1;
				MTL_ENABLE_DEBUG_INFO = INCLUDE_SOURCE;
				MTL_FAST_MATH = YES;
				ONLY_ACTIVE_ARCH = YES;
				SDKROOT = iphoneos;
				SWIFT_ACTIVE_COMPILATION_CONDITIONS = DEBUG;
				SWIFT_OPTIMIZATION_LEVEL = "-Onone";
			};
			name = Debug;
		};
		73F816532211ACEE00C0C22A /* Release */ = {
			isa = XCBuildConfiguration;
			buildSettings = {
				ALWAYS_SEARCH_USER_PATHS = NO;
				CLANG_ANALYZER_NONNULL = YES;
				CLANG_ANALYZER_NUMBER_OBJECT_CONVERSION = YES_AGGRESSIVE;
				CLANG_CXX_LANGUAGE_STANDARD = "gnu++14";
				CLANG_CXX_LIBRARY = "libc++";
				CLANG_ENABLE_MODULES = YES;
				CLANG_ENABLE_OBJC_ARC = YES;
				CLANG_ENABLE_OBJC_WEAK = YES;
				CLANG_WARN_BLOCK_CAPTURE_AUTORELEASING = YES;
				CLANG_WARN_BOOL_CONVERSION = YES;
				CLANG_WARN_COMMA = YES;
				CLANG_WARN_CONSTANT_CONVERSION = YES;
				CLANG_WARN_DEPRECATED_OBJC_IMPLEMENTATIONS = YES;
				CLANG_WARN_DIRECT_OBJC_ISA_USAGE = YES_ERROR;
				CLANG_WARN_DOCUMENTATION_COMMENTS = YES;
				CLANG_WARN_EMPTY_BODY = YES;
				CLANG_WARN_ENUM_CONVERSION = YES;
				CLANG_WARN_INFINITE_RECURSION = YES;
				CLANG_WARN_INT_CONVERSION = YES;
				CLANG_WARN_NON_LITERAL_NULL_CONVERSION = YES;
				CLANG_WARN_OBJC_IMPLICIT_RETAIN_SELF = YES;
				CLANG_WARN_OBJC_LITERAL_CONVERSION = YES;
				CLANG_WARN_OBJC_ROOT_CLASS = YES_ERROR;
				CLANG_WARN_RANGE_LOOP_ANALYSIS = YES;
				CLANG_WARN_STRICT_PROTOTYPES = YES;
				CLANG_WARN_SUSPICIOUS_MOVE = YES;
				CLANG_WARN_UNGUARDED_AVAILABILITY = YES_AGGRESSIVE;
				CLANG_WARN_UNREACHABLE_CODE = YES;
				CLANG_WARN__DUPLICATE_METHOD_MATCH = YES;
				CODE_SIGN_IDENTITY = "iPhone Developer";
				COPY_PHASE_STRIP = NO;
				DEBUG_INFORMATION_FORMAT = "dwarf-with-dsym";
				ENABLE_NS_ASSERTIONS = NO;
				ENABLE_STRICT_OBJC_MSGSEND = YES;
				GCC_C_LANGUAGE_STANDARD = gnu11;
				GCC_NO_COMMON_BLOCKS = YES;
				GCC_WARN_64_TO_32_BIT_CONVERSION = YES;
				GCC_WARN_ABOUT_RETURN_TYPE = YES_ERROR;
				GCC_WARN_UNDECLARED_SELECTOR = YES;
				GCC_WARN_UNINITIALIZED_AUTOS = YES_AGGRESSIVE;
				GCC_WARN_UNUSED_FUNCTION = YES;
				GCC_WARN_UNUSED_VARIABLE = YES;
				IPHONEOS_DEPLOYMENT_TARGET = 12.1;
				MTL_ENABLE_DEBUG_INFO = NO;
				MTL_FAST_MATH = YES;
				SDKROOT = iphoneos;
				SWIFT_COMPILATION_MODE = wholemodule;
				SWIFT_OPTIMIZATION_LEVEL = "-O";
				VALIDATE_PRODUCT = YES;
			};
			name = Release;
		};
		73F816552211ACEE00C0C22A /* Debug */ = {
			isa = XCBuildConfiguration;
			buildSettings = {
				ASSETCATALOG_COMPILER_APPICON_NAME = AppIcon;
				CODE_SIGN_STYLE = Automatic;
				DEVELOPMENT_TEAM = 7R57VS437T;
				INFOPLIST_FILE = "AR Master Detail/Info.plist";
				LD_RUNPATH_SEARCH_PATHS = (
					"$(inherited)",
					"@executable_path/Frameworks",
				);
				PRODUCT_BUNDLE_IDENTIFIER = "com.inViRtStudios.AR-Master-Detail";
				PRODUCT_NAME = "$(TARGET_NAME)";
				SWIFT_VERSION = 4.2;
				TARGETED_DEVICE_FAMILY = "1,2";
			};
			name = Debug;
		};
		73F816562211ACEE00C0C22A /* Release */ = {
			isa = XCBuildConfiguration;
			buildSettings = {
				ASSETCATALOG_COMPILER_APPICON_NAME = AppIcon;
				CODE_SIGN_STYLE = Automatic;
				DEVELOPMENT_TEAM = 7R57VS437T;
				INFOPLIST_FILE = "AR Master Detail/Info.plist";
				LD_RUNPATH_SEARCH_PATHS = (
					"$(inherited)",
					"@executable_path/Frameworks",
				);
				PRODUCT_BUNDLE_IDENTIFIER = "com.inViRtStudios.AR-Master-Detail";
				PRODUCT_NAME = "$(TARGET_NAME)";
				SWIFT_VERSION = 4.2;
				TARGETED_DEVICE_FAMILY = "1,2";
			};
			name = Release;
		};
		73F816582211ACEE00C0C22A /* Debug */ = {
			isa = XCBuildConfiguration;
			buildSettings = {
				ALWAYS_EMBED_SWIFT_STANDARD_LIBRARIES = YES;
				BUNDLE_LOADER = "$(TEST_HOST)";
				CODE_SIGN_STYLE = Automatic;
				DEVELOPMENT_TEAM = 7R57VS437T;
				INFOPLIST_FILE = "AR Master DetailTests/Info.plist";
				LD_RUNPATH_SEARCH_PATHS = (
					"$(inherited)",
					"@executable_path/Frameworks",
					"@loader_path/Frameworks",
				);
				PRODUCT_BUNDLE_IDENTIFIER = "com.inViRtStudios.AR-Master-DetailTests";
				PRODUCT_NAME = "$(TARGET_NAME)";
				SWIFT_VERSION = 4.2;
				TARGETED_DEVICE_FAMILY = "1,2";
				TEST_HOST = "$(BUILT_PRODUCTS_DIR)/AR Master Detail.app/AR Master Detail";
			};
			name = Debug;
		};
		73F816592211ACEE00C0C22A /* Release */ = {
			isa = XCBuildConfiguration;
			buildSettings = {
				ALWAYS_EMBED_SWIFT_STANDARD_LIBRARIES = YES;
				BUNDLE_LOADER = "$(TEST_HOST)";
				CODE_SIGN_STYLE = Automatic;
				DEVELOPMENT_TEAM = 7R57VS437T;
				INFOPLIST_FILE = "AR Master DetailTests/Info.plist";
				LD_RUNPATH_SEARCH_PATHS = (
					"$(inherited)",
					"@executable_path/Frameworks",
					"@loader_path/Frameworks",
				);
				PRODUCT_BUNDLE_IDENTIFIER = "com.inViRtStudios.AR-Master-DetailTests";
				PRODUCT_NAME = "$(TARGET_NAME)";
				SWIFT_VERSION = 4.2;
				TARGETED_DEVICE_FAMILY = "1,2";
				TEST_HOST = "$(BUILT_PRODUCTS_DIR)/AR Master Detail.app/AR Master Detail";
			};
			name = Release;
		};
		73F8165B2211ACEE00C0C22A /* Debug */ = {
			isa = XCBuildConfiguration;
			buildSettings = {
				ALWAYS_EMBED_SWIFT_STANDARD_LIBRARIES = YES;
				CODE_SIGN_STYLE = Automatic;
				DEVELOPMENT_TEAM = 7R57VS437T;
				INFOPLIST_FILE = "AR Master DetailUITests/Info.plist";
				LD_RUNPATH_SEARCH_PATHS = (
					"$(inherited)",
					"@executable_path/Frameworks",
					"@loader_path/Frameworks",
				);
				PRODUCT_BUNDLE_IDENTIFIER = "com.inViRtStudios.AR-Master-DetailUITests";
				PRODUCT_NAME = "$(TARGET_NAME)";
				SWIFT_VERSION = 4.2;
				TARGETED_DEVICE_FAMILY = "1,2";
				TEST_TARGET_NAME = "AR Master Detail";
			};
			name = Debug;
		};
		73F8165C2211ACEE00C0C22A /* Release */ = {
			isa = XCBuildConfiguration;
			buildSettings = {
				ALWAYS_EMBED_SWIFT_STANDARD_LIBRARIES = YES;
				CODE_SIGN_STYLE = Automatic;
				DEVELOPMENT_TEAM = 7R57VS437T;
				INFOPLIST_FILE = "AR Master DetailUITests/Info.plist";
				LD_RUNPATH_SEARCH_PATHS = (
					"$(inherited)",
					"@executable_path/Frameworks",
					"@loader_path/Frameworks",
				);
				PRODUCT_BUNDLE_IDENTIFIER = "com.inViRtStudios.AR-Master-DetailUITests";
				PRODUCT_NAME = "$(TARGET_NAME)";
				SWIFT_VERSION = 4.2;
				TARGETED_DEVICE_FAMILY = "1,2";
				TEST_TARGET_NAME = "AR Master Detail";
			};
			name = Release;
		};
/* End XCBuildConfiguration section */

/* Begin XCConfigurationList section */
		73F816222211ACEB00C0C22A /* Build configuration list for PBXProject "AR Master Detail" */ = {
			isa = XCConfigurationList;
			buildConfigurations = (
				73F816522211ACEE00C0C22A /* Debug */,
				73F816532211ACEE00C0C22A /* Release */,
			);
			defaultConfigurationIsVisible = 0;
			defaultConfigurationName = Release;
		};
		73F816542211ACEE00C0C22A /* Build configuration list for PBXNativeTarget "AR Master Detail" */ = {
			isa = XCConfigurationList;
			buildConfigurations = (
				73F816552211ACEE00C0C22A /* Debug */,
				73F816562211ACEE00C0C22A /* Release */,
			);
			defaultConfigurationIsVisible = 0;
			defaultConfigurationName = Release;
		};
		73F816572211ACEE00C0C22A /* Build configuration list for PBXNativeTarget "AR Master DetailTests" */ = {
			isa = XCConfigurationList;
			buildConfigurations = (
				73F816582211ACEE00C0C22A /* Debug */,
				73F816592211ACEE00C0C22A /* Release */,
			);
			defaultConfigurationIsVisible = 0;
			defaultConfigurationName = Release;
		};
		73F8165A2211ACEE00C0C22A /* Build configuration list for PBXNativeTarget "AR Master DetailUITests" */ = {
			isa = XCConfigurationList;
			buildConfigurations = (
				73F8165B2211ACEE00C0C22A /* Debug */,
				73F8165C2211ACEE00C0C22A /* Release */,
			);
			defaultConfigurationIsVisible = 0;
			defaultConfigurationName = Release;
		};
/* End XCConfigurationList section */

/* Begin XCVersionGroup section */
		73F8162C2211ACEB00C0C22A /* AR_Master_Detail.xcdatamodeld */ = {
			isa = XCVersionGroup;
			children = (
				73F8162D2211ACEB00C0C22A /* AR_Master_Detail.xcdatamodel */,
			);
			currentVersion = 73F8162D2211ACEB00C0C22A /* AR_Master_Detail.xcdatamodel */;
			path = AR_Master_Detail.xcdatamodeld;
			sourceTree = "<group>";
			versionGroupType = wrapper.xcdatamodel;
		};
/* End XCVersionGroup section */
	};
	rootObject = 73F8161F2211ACEB00C0C22A /* Project object */;
}
